{
  "name": "my-project",
  "version": "0.0.1",
  "lockfileVersion": 2,
  "requires": true,
  "packages": {
    "": {
      "name": "my-project",
      "hasInstallScript": true,
      "license": "UNLICENSED",
      "workspaces": [
        "packages/c",
        "packages/b",
        "packages/a"
      ],
      "engines": {
        "npm": "7.18.x"
      }
    },
    "node_modules/@my-project/a": {
      "resolved": "packages/a",
      "link": true
    },
    "node_modules/@my-project/b": {
      "resolved": "packages/b",
      "link": true
    },
    "node_modules/@my-project/c": {
      "resolved": "packages/c",
      "link": true
    },
    "node_modules/sax": {
      "version": "1.2.4",
      "resolved": "https://registry.npmjs.org/sax/-/sax-1.2.4.tgz",
      "integrity": "sha512-NqVDv9TpANUjFm0N8uM5GxL36UgKi9/atZw+x7YFnQ8ckwFGKrl4xX4yWtrey3UJm5nP1kUbnYgLopqWNSRhWw=="
    },
    "packages/a": {
      "name": "@my-project/a",
      "version": "0.0.0",
      "license": "UNLICENSED",
      "dependencies": {
        "sax": "^1.2.4"
      }
    },
    "packages/b": {
      "name": "@my-project/b",
      "version": "0.0.0",
      "license": "UNLICENSED",
      "dependencies": {
        "@my-project/a": "^0.0.0",
        "sax": "^1.2.4"
      }
    },
    "packages/c": {
      "name": "@my-project/c",
      "version": "0.0.0",
      "license": "UNLICENSED",
      "dependencies": {
        "sax": "^1.2.4"
      }
    }
  },
  "dependencies": {
    "@my-project/a": {
      "version": "file:packages/a",
      "requires": {
        "sax": "^1.2.4"
      }
    },
    "@my-project/b": {
      "version": "file:packages/b",
      "requires": {
        "@my-project/a": "^0.0.0",
        "sax": "^1.2.4"
      }
    },
    "@my-project/c": {
      "version": "file:packages/c",
      "requires": {
        "sax": "^1.2.4"
      }
    },
    "sax": {
      "version": "1.2.4",
      "resolved": "https://registry.npmjs.org/sax/-/sax-1.2.4.tgz",
      "integrity": "sha512-NqVDv9TpANUjFm0N8uM5GxL36UgKi9/atZw+x7YFnQ8ckwFGKrl4xX4yWtrey3UJm5nP1kUbnYgLopqWNSRhWw=="
    }
  }
}
